
Microsoft Visual Studio Solution File, Format Version 12.00
# Visual Studio Version 16
VisualStudioVersion = 16.0.29911.84
MinimumVisualStudioVersion = 10.0.40219.1
Project("{FAE04EC0-301F-11D3-BF4B-00C04F79EFBC}") = "FoodDiary", "FoodDiary\FoodDiary.csproj", "{21BA46A4-5A07-4967-A758-B0F50B2407C4}"
EndProject
Global
	GlobalSection(SolutionConfigurationPlatforms) = preSolution
		Debug|Any CPU = Debug|Any CPU
		Release|Any CPU = Release|Any CPU
	EndGlobalSection
	GlobalSection(ProjectConfigurationPlatforms) = postSolution
		{21BA46A4-5A07-4967-A758-B0F50B2407C4}.Debug|Any CPU.ActiveCfg = Debug|Any CPU
		{21BA46A4-5A07-4967-A758-B0F50B2407C4}.Debug|Any CPU.Build.0 = Debug|Any CPU
		{21BA46A4-5A07-4967-A758-B0F50B2407C4}.Release|Any CPU.ActiveCfg = Release|Any CPU
		{21BA46A4-5A07-4967-A758-B0F50B2407C4}.Release|Any CPU.Build.0 = Release|Any CPU
	EndGlobalSection
	GlobalSection(SolutionProperties) = preSolution
		HideSolutionNode = FALSE
	EndGlobalSection
	GlobalSection(ExtensibilityGlobals) = postSolution
		SolutionGuid = {8FA5B409-C3C2-4ABF-AF70-21D7AFBEC79B}
	EndGlobalSection
EndGlobal
